{
  "name": "elang-parser",
  "version": "1.1.2",
  "lockfileVersion": 1,
  "requires": true,
  "dependencies": {
    "@std/esm": {
      "version": "0.11.3",
      "resolved": "https://registry.npmjs.org/@std/esm/-/esm-0.11.3.tgz",
      "integrity": "sha512-bVaTBF/5az6e5gK2ZEPsbRopWwZaJLJcNvh7uJ0SK7xEnKK/EO6NJQa93aP2MOtht9jE02Hals3iE6KLfLECjQ=="
    }
  }
}
